
Microsoft Visual Studio Solution File, Format Version 12.00
# Visual Studio Version 17
VisualStudioVersion = 17.7.34009.444
MinimumVisualStudioVersion = 10.0.40219.1
Project("{FAE04EC0-301F-11D3-BF4B-00C04F79EFBC}") = "ValueCalculator", "ValueCalculator\ValueCalculator.csproj", "{D3E7C742-A0AC-4FAE-BB9F-90794C843EED}"
EndProject
Global
	GlobalSection(SolutionConfigurationPlatforms) = preSolution
		Debug|Any CPU = Debug|Any CPU
		Release|Any CPU = Release|Any CPU
	EndGlobalSection
	GlobalSection(ProjectConfigurationPlatforms) = postSolution
		{D3E7C742-A0AC-4FAE-BB9F-90794C843EED}.Debug|Any CPU.ActiveCfg = Debug|Any CPU
		{D3E7C742-A0AC-4FAE-BB9F-90794C843EED}.Debug|Any CPU.Build.0 = Debug|Any CPU
		{D3E7C742-A0AC-4FAE-BB9F-90794C843EED}.Release|Any CPU.ActiveCfg = Release|Any CPU
		{D3E7C742-A0AC-4FAE-BB9F-90794C843EED}.Release|Any CPU.Build.0 = Release|Any CPU
	EndGlobalSection
	GlobalSection(SolutionProperties) = preSolution
		HideSolutionNode = FALSE
	EndGlobalSection
	GlobalSection(ExtensibilityGlobals) = postSolution
		SolutionGuid = {688DD252-ECD1-416A-B552-1E7A1447DA4B}
	EndGlobalSection
EndGlobal
